
Microsoft Visual Studio Solution File, Format Version 12.00
# Visual Studio 2012
Project("{FAE04EC0-301F-11D3-BF4B-00C04F79EFBC}") = "VoiceDispatcher", "VoiceDispatcher.csproj", "{0CAEF6ED-ABC3-4C12-B436-D4ED3046A28B}"
EndProject
Global
	GlobalSection(SolutionConfigurationPlatforms) = preSolution
		Debug|Any CPU = Debug|Any CPU
		Release|Any CPU = Release|Any CPU
	EndGlobalSection
	GlobalSection(ProjectConfigurationPlatforms) = postSolution
		{0CAEF6ED-ABC3-4C12-B436-D4ED3046A28B}.Debug|Any CPU.ActiveCfg = Debug|Any CPU
		{0CAEF6ED-ABC3-4C12-B436-D4ED3046A28B}.Debug|Any CPU.Build.0 = Debug|Any CPU
		{0CAEF6ED-ABC3-4C12-B436-D4ED3046A28B}.Release|Any CPU.ActiveCfg = Release|Any CPU
		{0CAEF6ED-ABC3-4C12-B436-D4ED3046A28B}.Release|Any CPU.Build.0 = Release|Any CPU
	EndGlobalSection
	GlobalSection(SolutionProperties) = preSolution
		HideSolutionNode = FALSE
	EndGlobalSection
EndGlobal
